
Microsoft Visual Studio Solution File, Format Version 12.00
Project("{FAE04EC0-301F-11D3-BF4B-00C04F79EFBC}") = "SLar", "SLar\SLar.csproj", "{DEBBE040-1D23-4A41-BD95-393A2F2B5B1C}"
EndProject
Project("{FAE04EC0-301F-11D3-BF4B-00C04F79EFBC}") = "SLar.testing", "SLar.testing\SLar.testing.csproj", "{C77CEE5E-4B85-4478-9C7C-26D6659ED971}"
EndProject
Global
	GlobalSection(SolutionConfigurationPlatforms) = preSolution
		Debug|Any CPU = Debug|Any CPU
		Release|Any CPU = Release|Any CPU
	EndGlobalSection
	GlobalSection(ProjectConfigurationPlatforms) = postSolution
		{DEBBE040-1D23-4A41-BD95-393A2F2B5B1C}.Debug|Any CPU.ActiveCfg = Debug|Any CPU
		{DEBBE040-1D23-4A41-BD95-393A2F2B5B1C}.Debug|Any CPU.Build.0 = Debug|Any CPU
		{DEBBE040-1D23-4A41-BD95-393A2F2B5B1C}.Release|Any CPU.ActiveCfg = Release|Any CPU
		{DEBBE040-1D23-4A41-BD95-393A2F2B5B1C}.Release|Any CPU.Build.0 = Release|Any CPU
		{C77CEE5E-4B85-4478-9C7C-26D6659ED971}.Debug|Any CPU.ActiveCfg = Debug|Any CPU
		{C77CEE5E-4B85-4478-9C7C-26D6659ED971}.Debug|Any CPU.Build.0 = Debug|Any CPU
		{C77CEE5E-4B85-4478-9C7C-26D6659ED971}.Release|Any CPU.ActiveCfg = Release|Any CPU
		{C77CEE5E-4B85-4478-9C7C-26D6659ED971}.Release|Any CPU.Build.0 = Release|Any CPU
	EndGlobalSection
EndGlobal
